
Microsoft Visual Studio Solution File, Format Version 12.00
# Visual Studio Version 17
VisualStudioVersion = 17.8.34525.116
MinimumVisualStudioVersion = 10.0.40219.1
Project("{9A19103F-16F7-4668-BE54-9A1E7A4F7556}") = "Pj_TareaSemana2", "Pj_Tarea2\Pj_TareaSemana2.csproj", "{99B000C4-8398-4B0D-A709-19EBB900B0E2}"
EndProject
Global
	GlobalSection(SolutionConfigurationPlatforms) = preSolution
		Debug|Any CPU = Debug|Any CPU
		Release|Any CPU = Release|Any CPU
	EndGlobalSection
	GlobalSection(ProjectConfigurationPlatforms) = postSolution
		{99B000C4-8398-4B0D-A709-19EBB900B0E2}.Debug|Any CPU.ActiveCfg = Debug|Any CPU
		{99B000C4-8398-4B0D-A709-19EBB900B0E2}.Debug|Any CPU.Build.0 = Debug|Any CPU
		{99B000C4-8398-4B0D-A709-19EBB900B0E2}.Release|Any CPU.ActiveCfg = Release|Any CPU
		{99B000C4-8398-4B0D-A709-19EBB900B0E2}.Release|Any CPU.Build.0 = Release|Any CPU
	EndGlobalSection
	GlobalSection(SolutionProperties) = preSolution
		HideSolutionNode = FALSE
	EndGlobalSection
	GlobalSection(ExtensibilityGlobals) = postSolution
		SolutionGuid = {62428830-D074-4258-A5CD-CAC72E125427}
	EndGlobalSection
EndGlobal
